
Microsoft Visual Studio Solution File, Format Version 12.00
# Visual Studio Version 17
VisualStudioVersion = 17.3.32922.545
MinimumVisualStudioVersion = 10.0.40219.1
Project("{8BC9CEB8-8B4A-11D0-8D11-00A0C91BC942}") = "Project6", "Project6\Project6.vcxproj", "{AA16A777-A9B2-41B6-8FC5-3CD2E2080365}"
EndProject
Global
	GlobalSection(SolutionConfigurationPlatforms) = preSolution
		Debug|x64 = Debug|x64
		Debug|x86 = Debug|x86
		Release|x64 = Release|x64
		Release|x86 = Release|x86
	EndGlobalSection
	GlobalSection(ProjectConfigurationPlatforms) = postSolution
		{AA16A777-A9B2-41B6-8FC5-3CD2E2080365}.Debug|x64.ActiveCfg = Debug|x64
		{AA16A777-A9B2-41B6-8FC5-3CD2E2080365}.Debug|x64.Build.0 = Debug|x64
		{AA16A777-A9B2-41B6-8FC5-3CD2E2080365}.Debug|x86.ActiveCfg = Debug|Win32
		{AA16A777-A9B2-41B6-8FC5-3CD2E2080365}.Debug|x86.Build.0 = Debug|Win32
		{AA16A777-A9B2-41B6-8FC5-3CD2E2080365}.Release|x64.ActiveCfg = Release|x64
		{AA16A777-A9B2-41B6-8FC5-3CD2E2080365}.Release|x64.Build.0 = Release|x64
		{AA16A777-A9B2-41B6-8FC5-3CD2E2080365}.Release|x86.ActiveCfg = Release|Win32
		{AA16A777-A9B2-41B6-8FC5-3CD2E2080365}.Release|x86.Build.0 = Release|Win32
	EndGlobalSection
	GlobalSection(SolutionProperties) = preSolution
		HideSolutionNode = FALSE
	EndGlobalSection
	GlobalSection(ExtensibilityGlobals) = postSolution
		SolutionGuid = {C5E3D3C0-53C5-49B2-9343-527AB11220D0}
	EndGlobalSection
EndGlobal
